
Microsoft Visual Studio Solution File, Format Version 12.00
# Visual Studio Version 17
VisualStudioVersion = 17.6.33723.286
MinimumVisualStudioVersion = 10.0.40219.1
Project("{FAE04EC0-301F-11D3-BF4B-00C04F79EFBC}") = "POC_Borrado_Masive", "POC_Borrado_Masive\POC_Borrado_Masive.csproj", "{8DF779E4-F84E-421B-95BF-A4499AA5D7C9}"
EndProject
Global
	GlobalSection(SolutionConfigurationPlatforms) = preSolution
		Debug|Any CPU = Debug|Any CPU
		Release|Any CPU = Release|Any CPU
	EndGlobalSection
	GlobalSection(ProjectConfigurationPlatforms) = postSolution
		{8DF779E4-F84E-421B-95BF-A4499AA5D7C9}.Debug|Any CPU.ActiveCfg = Debug|Any CPU
		{8DF779E4-F84E-421B-95BF-A4499AA5D7C9}.Debug|Any CPU.Build.0 = Debug|Any CPU
		{8DF779E4-F84E-421B-95BF-A4499AA5D7C9}.Release|Any CPU.ActiveCfg = Release|Any CPU
		{8DF779E4-F84E-421B-95BF-A4499AA5D7C9}.Release|Any CPU.Build.0 = Release|Any CPU
	EndGlobalSection
	GlobalSection(SolutionProperties) = preSolution
		HideSolutionNode = FALSE
	EndGlobalSection
	GlobalSection(ExtensibilityGlobals) = postSolution
		SolutionGuid = {4DD9ED24-0A12-4A3A-ACD3-316EB64FE86F}
	EndGlobalSection
EndGlobal
