
Microsoft Visual Studio Solution File, Format Version 12.00
# Visual Studio Version 17
VisualStudioVersion = 17.6.33723.286
MinimumVisualStudioVersion = 10.0.40219.1
Project("{FAE04EC0-301F-11D3-BF4B-00C04F79EFBC}") = "POC_BackUp_DataBase", "POC_BackUp_DataBase\POC_BackUp_DataBase.csproj", "{0935D1A9-E44D-4C09-9E9D-C1AA00A5C7D6}"
EndProject
Global
	GlobalSection(SolutionConfigurationPlatforms) = preSolution
		Debug|Any CPU = Debug|Any CPU
		Release|Any CPU = Release|Any CPU
	EndGlobalSection
	GlobalSection(ProjectConfigurationPlatforms) = postSolution
		{0935D1A9-E44D-4C09-9E9D-C1AA00A5C7D6}.Debug|Any CPU.ActiveCfg = Debug|Any CPU
		{0935D1A9-E44D-4C09-9E9D-C1AA00A5C7D6}.Debug|Any CPU.Build.0 = Debug|Any CPU
		{0935D1A9-E44D-4C09-9E9D-C1AA00A5C7D6}.Release|Any CPU.ActiveCfg = Release|Any CPU
		{0935D1A9-E44D-4C09-9E9D-C1AA00A5C7D6}.Release|Any CPU.Build.0 = Release|Any CPU
	EndGlobalSection
	GlobalSection(SolutionProperties) = preSolution
		HideSolutionNode = FALSE
	EndGlobalSection
	GlobalSection(ExtensibilityGlobals) = postSolution
		SolutionGuid = {7F39AFB0-4896-4E69-B55E-485A63786391}
	EndGlobalSection
EndGlobal
