
Microsoft Visual Studio Solution File, Format Version 12.00
# Visual Studio Version 16
VisualStudioVersion = 16.0.30128.74
MinimumVisualStudioVersion = 10.0.40219.1
Project("{9A19103F-16F7-4668-BE54-9A1E7A4F7556}") = "POC_Repository", "POC_Repository\POC_Repository.csproj", "{07F7C22A-C67C-4606-8A11-C9B38DA348E6}"
EndProject
Project("{9A19103F-16F7-4668-BE54-9A1E7A4F7556}") = "DAO", "DAO\DAO.csproj", "{9B073DCD-AC40-4DAF-8D9B-44C7CFAC6B64}"
EndProject
Project("{FAE04EC0-301F-11D3-BF4B-00C04F79EFBC}") = "BLL", "BLL\BLL.csproj", "{CC13F6F0-F43F-43C0-9820-B29BCF2550F4}"
EndProject
Global
	GlobalSection(SolutionConfigurationPlatforms) = preSolution
		Debug|Any CPU = Debug|Any CPU
		Release|Any CPU = Release|Any CPU
	EndGlobalSection
	GlobalSection(ProjectConfigurationPlatforms) = postSolution
		{07F7C22A-C67C-4606-8A11-C9B38DA348E6}.Debug|Any CPU.ActiveCfg = Debug|Any CPU
		{07F7C22A-C67C-4606-8A11-C9B38DA348E6}.Debug|Any CPU.Build.0 = Debug|Any CPU
		{07F7C22A-C67C-4606-8A11-C9B38DA348E6}.Release|Any CPU.ActiveCfg = Release|Any CPU
		{07F7C22A-C67C-4606-8A11-C9B38DA348E6}.Release|Any CPU.Build.0 = Release|Any CPU
		{9B073DCD-AC40-4DAF-8D9B-44C7CFAC6B64}.Debug|Any CPU.ActiveCfg = Debug|Any CPU
		{9B073DCD-AC40-4DAF-8D9B-44C7CFAC6B64}.Debug|Any CPU.Build.0 = Debug|Any CPU
		{9B073DCD-AC40-4DAF-8D9B-44C7CFAC6B64}.Release|Any CPU.ActiveCfg = Release|Any CPU
		{9B073DCD-AC40-4DAF-8D9B-44C7CFAC6B64}.Release|Any CPU.Build.0 = Release|Any CPU
		{CC13F6F0-F43F-43C0-9820-B29BCF2550F4}.Debug|Any CPU.ActiveCfg = Debug|Any CPU
		{CC13F6F0-F43F-43C0-9820-B29BCF2550F4}.Debug|Any CPU.Build.0 = Debug|Any CPU
		{CC13F6F0-F43F-43C0-9820-B29BCF2550F4}.Release|Any CPU.ActiveCfg = Release|Any CPU
		{CC13F6F0-F43F-43C0-9820-B29BCF2550F4}.Release|Any CPU.Build.0 = Release|Any CPU
	EndGlobalSection
	GlobalSection(SolutionProperties) = preSolution
		HideSolutionNode = FALSE
	EndGlobalSection
	GlobalSection(ExtensibilityGlobals) = postSolution
		SolutionGuid = {6831CD7A-FBA0-459F-B380-9755390E9CEE}
	EndGlobalSection
EndGlobal
