
Microsoft Visual Studio Solution File, Format Version 12.00
# Visual Studio Version 16
VisualStudioVersion = 16.0.30128.74
MinimumVisualStudioVersion = 10.0.40219.1
Project("{9A19103F-16F7-4668-BE54-9A1E7A4F7556}") = "POC_ApiGateway", "POC_ApiGateway\POC_ApiGateway.csproj", "{56B71A00-447F-419B-9EF5-5A32FD7AE220}"
EndProject
Project("{FAE04EC0-301F-11D3-BF4B-00C04F79EFBC}") = "API_Prueba", "API_Prueba\API_Prueba.csproj", "{1902D483-FA83-4567-949F-D574B5469B82}"
EndProject
Global
	GlobalSection(SolutionConfigurationPlatforms) = preSolution
		Debug|Any CPU = Debug|Any CPU
		Release|Any CPU = Release|Any CPU
	EndGlobalSection
	GlobalSection(ProjectConfigurationPlatforms) = postSolution
		{56B71A00-447F-419B-9EF5-5A32FD7AE220}.Debug|Any CPU.ActiveCfg = Debug|Any CPU
		{56B71A00-447F-419B-9EF5-5A32FD7AE220}.Debug|Any CPU.Build.0 = Debug|Any CPU
		{56B71A00-447F-419B-9EF5-5A32FD7AE220}.Release|Any CPU.ActiveCfg = Release|Any CPU
		{56B71A00-447F-419B-9EF5-5A32FD7AE220}.Release|Any CPU.Build.0 = Release|Any CPU
		{1902D483-FA83-4567-949F-D574B5469B82}.Debug|Any CPU.ActiveCfg = Debug|Any CPU
		{1902D483-FA83-4567-949F-D574B5469B82}.Debug|Any CPU.Build.0 = Debug|Any CPU
		{1902D483-FA83-4567-949F-D574B5469B82}.Release|Any CPU.ActiveCfg = Release|Any CPU
		{1902D483-FA83-4567-949F-D574B5469B82}.Release|Any CPU.Build.0 = Release|Any CPU
	EndGlobalSection
	GlobalSection(SolutionProperties) = preSolution
		HideSolutionNode = FALSE
	EndGlobalSection
	GlobalSection(ExtensibilityGlobals) = postSolution
		SolutionGuid = {053D4652-BCCA-4B4A-ACDB-5978C95A7F0D}
	EndGlobalSection
EndGlobal
